Microsoft Visual Studio Solution File, Format Version 12.00
# Visual Studio Version 17
VisualStudioVersion = 17.5.2.0
MinimumVisualStudioVersion = 10.0.40219.1
Project("{FAE04EC0-301F-11D3-BF4B-00C04F79EFBC}") = "API_Strava", "API_Strava.csproj", "{DB6842BC-2163-7CCC-FB10-4A0AA262A7E7}"
EndProject
Global
	GlobalSection(SolutionConfigurationPlatforms) = preSolution
		Debug|Any CPU = Debug|Any CPU
		Release|Any CPU = Release|Any CPU
	EndGlobalSection
	GlobalSection(ProjectConfigurationPlatforms) = postSolution
		{DB6842BC-2163-7CCC-FB10-4A0AA262A7E7}.Debug|Any CPU.ActiveCfg = Debug|Any CPU
		{DB6842BC-2163-7CCC-FB10-4A0AA262A7E7}.Debug|Any CPU.Build.0 = Debug|Any CPU
		{DB6842BC-2163-7CCC-FB10-4A0AA262A7E7}.Release|Any CPU.ActiveCfg = Release|Any CPU
		{DB6842BC-2163-7CCC-FB10-4A0AA262A7E7}.Release|Any CPU.Build.0 = Release|Any CPU
	EndGlobalSection
	GlobalSection(SolutionProperties) = preSolution
		HideSolutionNode = FALSE
	EndGlobalSection
	GlobalSection(ExtensibilityGlobals) = postSolution
		SolutionGuid = {23A65765-0A83-4012-A605-B1BFD6A830B1}
	EndGlobalSection
EndGlobal
